
Microsoft Visual Studio Solution File, Format Version 12.00
# Visual Studio Version 16
VisualStudioVersion = 16.0.31005.135
MinimumVisualStudioVersion = 10.0.40219.1
Project("{FAE04EC0-301F-11D3-BF4B-00C04F79EFBC}") = "TestAssignmentWPF", "TestAssignmentWPF\TestAssignmentWPF.csproj", "{258269F2-7DC0-43AC-A651-027A7AC292B5}"
EndProject
Global
	GlobalSection(SolutionConfigurationPlatforms) = preSolution
		Debug|Any CPU = Debug|Any CPU
		Release|Any CPU = Release|Any CPU
	EndGlobalSection
	GlobalSection(ProjectConfigurationPlatforms) = postSolution
		{258269F2-7DC0-43AC-A651-027A7AC292B5}.Debug|Any CPU.ActiveCfg = Debug|Any CPU
		{258269F2-7DC0-43AC-A651-027A7AC292B5}.Debug|Any CPU.Build.0 = Debug|Any CPU
		{258269F2-7DC0-43AC-A651-027A7AC292B5}.Release|Any CPU.ActiveCfg = Release|Any CPU
		{258269F2-7DC0-43AC-A651-027A7AC292B5}.Release|Any CPU.Build.0 = Release|Any CPU
	EndGlobalSection
	GlobalSection(SolutionProperties) = preSolution
		HideSolutionNode = FALSE
	EndGlobalSection
	GlobalSection(ExtensibilityGlobals) = postSolution
		SolutionGuid = {63B26F3B-07F4-406A-8703-26BB3F68F156}
	EndGlobalSection
EndGlobal
